
Microsoft Visual Studio Solution File, Format Version 10.00
# Visual Studio 2008
Project("{D2ABAB84-BF74-430A-B69E-9DC6D40DDA17}") = "Analysis Services Project1", "Analysis Services Project1\Analysis Services Project1.dwproj", "{C72C69BF-B3F9-4DFC-ADBD-4A8E632E12D1}"
EndProject
Global
	GlobalSection(SolutionConfigurationPlatforms) = preSolution
		Development|Default = Development|Default
	EndGlobalSection
	GlobalSection(ProjectConfigurationPlatforms) = postSolution
		{C72C69BF-B3F9-4DFC-ADBD-4A8E632E12D1}.Development|Default.ActiveCfg = Development
		{C72C69BF-B3F9-4DFC-ADBD-4A8E632E12D1}.Development|Default.Build.0 = Development
		{C72C69BF-B3F9-4DFC-ADBD-4A8E632E12D1}.Development|Default.Deploy.0 = Development
	EndGlobalSection
	GlobalSection(SolutionProperties) = preSolution
		HideSolutionNode = FALSE
	EndGlobalSection
EndGlobal
